// !$*UTF8*$!
{
	archiveVersion = 1;
	classes = {
	};
	objectVersion = 55;
	objects = {

/* Begin PBXBuildFile section */
		E88F5F9729EB29C1007A0F23 /* AppDelegate.swift in Sources */ = {isa = PBXBuildFile; fileRef = E88F5F9629EB29C1007A0F23 /* AppDelegate.swift */; };
		E88F5F9929EB29C1007A0F23 /* SceneDelegate.swift in Sources */ = {isa = PBXBuildFile; fileRef = E88F5F9829EB29C1007A0F23 /* SceneDelegate.swift */; };
		E88F5F9B29EB29C1007A0F23 /* ViewController.swift in Sources */ = {isa = PBXBuildFile; fileRef = E88F5F9A29EB29C1007A0F23 /* ViewController.swift */; };
		E88F5F9E29EB29C1007A0F23 /* Main.storyboard in Resources */ = {isa = PBXBuildFile; fileRef = E88F5F9C29EB29C1007A0F23 /* Main.storyboard */; };
		E88F5FA129EB29C1007A0F23 /* PhotoWorld.xcdatamodeld in Sources */ = {isa = PBXBuildFile; fileRef = E88F5F9F29EB29C1007A0F23 /* PhotoWorld.xcdatamodeld */; };
		E88F5FA329EB29C2007A0F23 /* Assets.xcassets in Resources */ = {isa = PBXBuildFile; fileRef = E88F5FA229EB29C2007A0F23 /* Assets.xcassets */; };
		E88F5FA629EB29C2007A0F23 /* LaunchScreen.storyboard in Resources */ = {isa = PBXBuildFile; fileRef = E88F5FA429EB29C2007A0F23 /* LaunchScreen.storyboard */; };
		E88F5FAF29EB2A0D007A0F23 /* MainButtonStyle.swift in Sources */ = {isa = PBXBuildFile; fileRef = E88F5FAE29EB2A0D007A0F23 /* MainButtonStyle.swift */; };
		E88F5FB129EB2A2F007A0F23 /* PasswordTextField.swift in Sources */ = {isa = PBXBuildFile; fileRef = E88F5FB029EB2A2F007A0F23 /* PasswordTextField.swift */; };
		E88F5FB329EB2A47007A0F23 /* InputTextField.swift in Sources */ = {isa = PBXBuildFile; fileRef = E88F5FB229EB2A47007A0F23 /* InputTextField.swift */; };
		E88F5FB529EB2A5A007A0F23 /* CheckBox.swift in Sources */ = {isa = PBXBuildFile; fileRef = E88F5FB429EB2A59007A0F23 /* CheckBox.swift */; };
		E88F5FB829EB2AF5007A0F23 /* ColorConstants.swift in Sources */ = {isa = PBXBuildFile; fileRef = E88F5FB729EB2AF5007A0F23 /* ColorConstants.swift */; };
		E88F5FBB29EB2B33007A0F23 /* View+.swift in Sources */ = {isa = PBXBuildFile; fileRef = E88F5FBA29EB2B33007A0F23 /* View+.swift */; };
		E88F5FBD29EB2B99007A0F23 /* Helpers.swift in Sources */ = {isa = PBXBuildFile; fileRef = E88F5FBC29EB2B99007A0F23 /* Helpers.swift */; };
		E88F5FBF29EB2BD5007A0F23 /* RoundedCornersView.swift in Sources */ = {isa = PBXBuildFile; fileRef = E88F5FBE29EB2BD5007A0F23 /* RoundedCornersView.swift */; };
		E88F5FC529EB2C85007A0F23 /* RegView.swift in Sources */ = {isa = PBXBuildFile; fileRef = E88F5FC429EB2C85007A0F23 /* RegView.swift */; };
/* End PBXBuildFile section */

/* Begin PBXFileReference section */
		E88F5F9329EB29C1007A0F23 /* PhotoWorld.app */ = {isa = PBXFileReference; explicitFileType = wrapper.application; includeInIndex = 0; path = PhotoWorld.app; sourceTree = BUILT_PRODUCTS_DIR; };
		E88F5F9629EB29C1007A0F23 /* AppDelegate.swift */ = {isa = PBXFileReference; lastKnownFileType = sourcecode.swift; path = AppDelegate.swift; sourceTree = "<group>"; };
		E88F5F9829EB29C1007A0F23 /* SceneDelegate.swift */ = {isa = PBXFileReference; lastKnownFileType = sourcecode.swift; path = SceneDelegate.swift; sourceTree = "<group>"; };
		E88F5F9A29EB29C1007A0F23 /* ViewController.swift */ = {isa = PBXFileReference; lastKnownFileType = sourcecode.swift; path = ViewController.swift; sourceTree = "<group>"; };
		E88F5F9D29EB29C1007A0F23 /* Base */ = {isa = PBXFileReference; lastKnownFileType = file.storyboard; name = Base; path = Base.lproj/Main.storyboard; sourceTree = "<group>"; };
		E88F5FA029EB29C1007A0F23 /* PhotoWorld.xcdatamodel */ = {isa = PBXFileReference; lastKnownFileType = wrapper.xcdatamodel; path = PhotoWorld.xcdatamodel; sourceTree = "<group>"; };
		E88F5FA229EB29C2007A0F23 /* Assets.xcassets */ = {isa = PBXFileReference; lastKnownFileType = folder.assetcatalog; path = Assets.xcassets; sourceTree = "<group>"; };
		E88F5FA529EB29C2007A0F23 /* Base */ = {isa = PBXFileReference; lastKnownFileType = file.storyboard; name = Base; path = Base.lproj/LaunchScreen.storyboard; sourceTree = "<group>"; };
		E88F5FA729EB29C2007A0F23 /* Info.plist */ = {isa = PBXFileReference; lastKnownFileType = text.plist.xml; path = Info.plist; sourceTree = "<group>"; };
		E88F5FAE29EB2A0D007A0F23 /* MainButtonStyle.swift */ = {isa = PBXFileReference; lastKnownFileType = sourcecode.swift; path = MainButtonStyle.swift; sourceTree = "<group>"; };
		E88F5FB029EB2A2F007A0F23 /* PasswordTextField.swift */ = {isa = PBXFileReference; lastKnownFileType = sourcecode.swift; path = PasswordTextField.swift; sourceTree = "<group>"; };
		E88F5FB229EB2A47007A0F23 /* InputTextField.swift */ = {isa = PBXFileReference; lastKnownFileType = sourcecode.swift; path = InputTextField.swift; sourceTree = "<group>"; };
		E88F5FB429EB2A59007A0F23 /* CheckBox.swift */ = {isa = PBXFileReference; lastKnownFileType = sourcecode.swift; path = CheckBox.swift; sourceTree = "<group>"; };
		E88F5FB729EB2AF5007A0F23 /* ColorConstants.swift */ = {isa = PBXFileReference; lastKnownFileType = sourcecode.swift; path = ColorConstants.swift; sourceTree = "<group>"; };
		E88F5FBA29EB2B33007A0F23 /* View+.swift */ = {isa = PBXFileReference; lastKnownFileType = sourcecode.swift; path = "View+.swift"; sourceTree = "<group>"; };
		E88F5FBC29EB2B99007A0F23 /* Helpers.swift */ = {isa = PBXFileReference; lastKnownFileType = sourcecode.swift; path = Helpers.swift; sourceTree = "<group>"; };
		E88F5FBE29EB2BD5007A0F23 /* RoundedCornersView.swift */ = {isa = PBXFileReference; lastKnownFileType = sourcecode.swift; path = RoundedCornersView.swift; sourceTree = "<group>"; };
		E88F5FC429EB2C85007A0F23 /* RegView.swift */ = {isa = PBXFileReference; lastKnownFileType = sourcecode.swift; path = RegView.swift; sourceTree = "<group>"; };
/* End PBXFileReference section */

/* Begin PBXFrameworksBuildPhase section */
		E88F5F9029EB29C1007A0F23 /* Frameworks */ = {
			isa = PBXFrameworksBuildPhase;
			buildActionMask = 2147483647;
			files = (
			);
			runOnlyForDeploymentPostprocessing = 0;
		};
/* End PBXFrameworksBuildPhase section */

/* Begin PBXGroup section */
		E88F5F8A29EB29C1007A0F23 = {
			isa = PBXGroup;
			children = (
				E88F5F9529EB29C1007A0F23 /* PhotoWorld */,
				E88F5F9429EB29C1007A0F23 /* Products */,
			);
			sourceTree = "<group>";
		};
		E88F5F9429EB29C1007A0F23 /* Products */ = {
			isa = PBXGroup;
			children = (
				E88F5F9329EB29C1007A0F23 /* PhotoWorld.app */,
			);
			name = Products;
			sourceTree = "<group>";
		};
		E88F5F9529EB29C1007A0F23 /* PhotoWorld */ = {
			isa = PBXGroup;
			children = (
				E88F5FC229EB2C4F007A0F23 /* WelcomeModule */,
				E88F5FB929EB2B21007A0F23 /* Extensions */,
				E88F5FB629EB2A8E007A0F23 /* Constants */,
				E88F5FAD29EB29E2007A0F23 /* ReusableViews */,
				E88F5F9629EB29C1007A0F23 /* AppDelegate.swift */,
				E88F5F9829EB29C1007A0F23 /* SceneDelegate.swift */,
				E88F5F9A29EB29C1007A0F23 /* ViewController.swift */,
				E88F5F9C29EB29C1007A0F23 /* Main.storyboard */,
				E88F5FA229EB29C2007A0F23 /* Assets.xcassets */,
				E88F5FA429EB29C2007A0F23 /* LaunchScreen.storyboard */,
				E88F5FA729EB29C2007A0F23 /* Info.plist */,
				E88F5F9F29EB29C1007A0F23 /* PhotoWorld.xcdatamodeld */,
				E88F5FBC29EB2B99007A0F23 /* Helpers.swift */,
			);
			path = PhotoWorld;
			sourceTree = "<group>";
		};
		E88F5FAD29EB29E2007A0F23 /* ReusableViews */ = {
			isa = PBXGroup;
			children = (
				E88F5FAE29EB2A0D007A0F23 /* MainButtonStyle.swift */,
				E88F5FB029EB2A2F007A0F23 /* PasswordTextField.swift */,
				E88F5FB229EB2A47007A0F23 /* InputTextField.swift */,
				E88F5FB429EB2A59007A0F23 /* CheckBox.swift */,
				E88F5FBE29EB2BD5007A0F23 /* RoundedCornersView.swift */,
			);
			path = ReusableViews;
			sourceTree = "<group>";
		};
		E88F5FB629EB2A8E007A0F23 /* Constants */ = {
			isa = PBXGroup;
			children = (
				E88F5FB729EB2AF5007A0F23 /* ColorConstants.swift */,
			);
			path = Constants;
			sourceTree = "<group>";
		};
		E88F5FB929EB2B21007A0F23 /* Extensions */ = {
			isa = PBXGroup;
			children = (
				E88F5FBA29EB2B33007A0F23 /* View+.swift */,
			);
			path = Extensions;
			sourceTree = "<group>";
		};
		E88F5FC229EB2C4F007A0F23 /* WelcomeModule */ = {
			isa = PBXGroup;
			children = (
				E88F5FC329EB2C66007A0F23 /* Registration */,
			);
			path = WelcomeModule;
			sourceTree = "<group>";
		};
		E88F5FC329EB2C66007A0F23 /* Registration */ = {
			isa = PBXGroup;
			children = (
				E88F5FC429EB2C85007A0F23 /* RegView.swift */,
			);
			path = Registration;
			sourceTree = "<group>";
		};
/* End PBXGroup section */

/* Begin PBXNativeTarget section */
		E88F5F9229EB29C1007A0F23 /* PhotoWorld */ = {
			isa = PBXNativeTarget;
			buildConfigurationList = E88F5FAA29EB29C2007A0F23 /* Build configuration list for PBXNativeTarget "PhotoWorld" */;
			buildPhases = (
				E88F5F8F29EB29C1007A0F23 /* Sources */,
				E88F5F9029EB29C1007A0F23 /* Frameworks */,
				E88F5F9129EB29C1007A0F23 /* Resources */,
			);
			buildRules = (
			);
			dependencies = (
			);
			name = PhotoWorld;
			productName = PhotoWorld;
			productReference = E88F5F9329EB29C1007A0F23 /* PhotoWorld.app */;
			productType = "com.apple.product-type.application";
		};
/* End PBXNativeTarget section */

/* Begin PBXProject section */
		E88F5F8B29EB29C1007A0F23 /* Project object */ = {
			isa = PBXProject;
			attributes = {
				BuildIndependentTargetsInParallel = 1;
				LastSwiftUpdateCheck = 1320;
				LastUpgradeCheck = 1320;
				TargetAttributes = {
					E88F5F9229EB29C1007A0F23 = {
						CreatedOnToolsVersion = 13.2.1;
					};
				};
			};
			buildConfigurationList = E88F5F8E29EB29C1007A0F23 /* Build configuration list for PBXProject "PhotoWorld" */;
			compatibilityVersion = "Xcode 13.0";
			developmentRegion = en;
			hasScannedForEncodings = 0;
			knownRegions = (
				en,
				Base,
			);
			mainGroup = E88F5F8A29EB29C1007A0F23;
			productRefGroup = E88F5F9429EB29C1007A0F23 /* Products */;
			projectDirPath = "";
			projectRoot = "";
			targets = (
				E88F5F9229EB29C1007A0F23 /* PhotoWorld */,
			);
		};
/* End PBXProject section */

/* Begin PBXResourcesBuildPhase section */
		E88F5F9129EB29C1007A0F23 /* Resources */ = {
			isa = PBXResourcesBuildPhase;
			buildActionMask = 2147483647;
			files = (
				E88F5FA629EB29C2007A0F23 /* LaunchScreen.storyboard in Resources */,
				E88F5FA329EB29C2007A0F23 /* Assets.xcassets in Resources */,
				E88F5F9E29EB29C1007A0F23 /* Main.storyboard in Resources */,
			);
			runOnlyForDeploymentPostprocessing = 0;
		};
/* End PBXResourcesBuildPhase section */

/* Begin PBXSourcesBuildPhase section */
		E88F5F8F29EB29C1007A0F23 /* Sources */ = {
			isa = PBXSourcesBuildPhase;
			buildActionMask = 2147483647;
			files = (
				E88F5FB529EB2A5A007A0F23 /* CheckBox.swift in Sources */,
				E88F5FAF29EB2A0D007A0F23 /* MainButtonStyle.swift in Sources */,
				E88F5F9B29EB29C1007A0F23 /* ViewController.swift in Sources */,
				E88F5FBF29EB2BD5007A0F23 /* RoundedCornersView.swift in Sources */,
				E88F5FB129EB2A2F007A0F23 /* PasswordTextField.swift in Sources */,
				E88F5FBD29EB2B99007A0F23 /* Helpers.swift in Sources */,
				E88F5FA129EB29C1007A0F23 /* PhotoWorld.xcdatamodeld in Sources */,
				E88F5F9729EB29C1007A0F23 /* AppDelegate.swift in Sources */,
				E88F5FB829EB2AF5007A0F23 /* ColorConstants.swift in Sources */,
				E88F5FB329EB2A47007A0F23 /* InputTextField.swift in Sources */,
				E88F5FC529EB2C85007A0F23 /* RegView.swift in Sources */,
				E88F5FBB29EB2B33007A0F23 /* View+.swift in Sources */,
				E88F5F9929EB29C1007A0F23 /* SceneDelegate.swift in Sources */,
			);
			runOnlyForDeploymentPostprocessing = 0;
		};
/* End PBXSourcesBuildPhase section */

/* Begin PBXVariantGroup section */
		E88F5F9C29EB29C1007A0F23 /* Main.storyboard */ = {
			isa = PBXVariantGroup;
			children = (
				E88F5F9D29EB29C1007A0F23 /* Base */,
			);
			name = Main.storyboard;
			sourceTree = "<group>";
		};
		E88F5FA429EB29C2007A0F23 /* LaunchScreen.storyboard */ = {
			isa = PBXVariantGroup;
			children = (
				E88F5FA529EB29C2007A0F23 /* Base */,
			);
			name = LaunchScreen.storyboard;
			sourceTree = "<group>";
		};
/* End PBXVariantGroup section */

/* Begin XCBuildConfiguration section */
		E88F5FA829EB29C2007A0F23 /* Debug */ = {
			isa = XCBuildConfiguration;
			buildSettings = {
				ALWAYS_SEARCH_USER_PATHS = NO;
				CLANG_ANALYZER_NONNULL = YES;
				CLANG_ANALYZER_NUMBER_OBJECT_CONVERSION = YES_AGGRESSIVE;
				CLANG_CXX_LANGUAGE_STANDARD = "gnu++17";
				CLANG_CXX_LIBRARY = "libc++";
				CLANG_ENABLE_MODULES = YES;
				CLANG_ENABLE_OBJC_ARC = YES;
				CLANG_ENABLE_OBJC_WEAK = YES;
				CLANG_WARN_BLOCK_CAPTURE_AUTORELEASING = YES;
				CLANG_WARN_BOOL_CONVERSION = YES;
				CLANG_WARN_COMMA = YES;
				CLANG_WARN_CONSTANT_CONVERSION = YES;
				CLANG_WARN_DEPRECATED_OBJC_IMPLEMENTATIONS = YES;
				CLANG_WARN_DIRECT_OBJC_ISA_USAGE = YES_ERROR;
				CLANG_WARN_DOCUMENTATION_COMMENTS = YES;
				CLANG_WARN_EMPTY_BODY = YES;
				CLANG_WARN_ENUM_CONVERSION = YES;
				CLANG_WARN_INFINITE_RECURSION = YES;
				CLANG_WARN_INT_CONVERSION = YES;
				CLANG_WARN_NON_LITERAL_NULL_CONVERSION = YES;
				CLANG_WARN_OBJC_IMPLICIT_RETAIN_SELF = YES;
				CLANG_WARN_OBJC_LITERAL_CONVERSION = YES;
				CLANG_WARN_OBJC_ROOT_CLASS = YES_ERROR;
				CLANG_WARN_QUOTED_INCLUDE_IN_FRAMEWORK_HEADER = YES;
				CLANG_WARN_RANGE_LOOP_ANALYSIS = YES;
				CLANG_WARN_STRICT_PROTOTYPES = YES;
				CLANG_WARN_SUSPICIOUS_MOVE = YES;
				CLANG_WARN_UNGUARDED_AVAILABILITY = YES_AGGRESSIVE;
				CLANG_WARN_UNREACHABLE_CODE = YES;
				CLANG_WARN__DUPLICATE_METHOD_MATCH = YES;
				COPY_PHASE_STRIP = NO;
				DEBUG_INFORMATION_FORMAT = dwarf;
				ENABLE_STRICT_OBJC_MSGSEND = YES;
				ENABLE_TESTABILITY = YES;
				GCC_C_LANGUAGE_STANDARD = gnu11;
				GCC_DYNAMIC_NO_PIC = NO;
				GCC_NO_COMMON_BLOCKS = YES;
				GCC_OPTIMIZATION_LEVEL = 0;
				GCC_PREPROCESSOR_DEFINITIONS = (
					"DEBUG=1",
					"$(inherited)",
				);
				GCC_WARN_64_TO_32_BIT_CONVERSION = YES;
				GCC_WARN_ABOUT_RETURN_TYPE = YES_ERROR;
				GCC_WARN_UNDECLARED_SELECTOR = YES;
				GCC_WARN_UNINITIALIZED_AUTOS = YES_AGGRESSIVE;
				GCC_WARN_UNUSED_FUNCTION = YES;
				GCC_WARN_UNUSED_VARIABLE = YES;
				IPHONEOS_DEPLOYMENT_TARGET = 15.2;
				MTL_ENABLE_DEBUG_INFO = INCLUDE_SOURCE;
				MTL_FAST_MATH = YES;
				ONLY_ACTIVE_ARCH = YES;
				SDKROOT = iphoneos;
				SWIFT_ACTIVE_COMPILATION_CONDITIONS = DEBUG;
				SWIFT_OPTIMIZATION_LEVEL = "-Onone";
			};
			name = Debug;
		};
		E88F5FA929EB29C2007A0F23 /* Release */ = {
			isa = XCBuildConfiguration;
			buildSettings = {
				ALWAYS_SEARCH_USER_PATHS = NO;
				CLANG_ANALYZER_NONNULL = YES;
				CLANG_ANALYZER_NUMBER_OBJECT_CONVERSION = YES_AGGRESSIVE;
				CLANG_CXX_LANGUAGE_STANDARD = "gnu++17";
				CLANG_CXX_LIBRARY = "libc++";
				CLANG_ENABLE_MODULES = YES;
				CLANG_ENABLE_OBJC_ARC = YES;
				CLANG_ENABLE_OBJC_WEAK = YES;
				CLANG_WARN_BLOCK_CAPTURE_AUTORELEASING = YES;
				CLANG_WARN_BOOL_CONVERSION = YES;
				CLANG_WARN_COMMA = YES;
				CLANG_WARN_CONSTANT_CONVERSION = YES;
				CLANG_WARN_DEPRECATED_OBJC_IMPLEMENTATIONS = YES;
				CLANG_WARN_DIRECT_OBJC_ISA_USAGE = YES_ERROR;
				CLANG_WARN_DOCUMENTATION_COMMENTS = YES;
				CLANG_WARN_EMPTY_BODY = YES;
				CLANG_WARN_ENUM_CONVERSION = YES;
				CLANG_WARN_INFINITE_RECURSION = YES;
				CLANG_WARN_INT_CONVERSION = YES;
				CLANG_WARN_NON_LITERAL_NULL_CONVERSION = YES;
				CLANG_WARN_OBJC_IMPLICIT_RETAIN_SELF = YES;
				CLANG_WARN_OBJC_LITERAL_CONVERSION = YES;
				CLANG_WARN_OBJC_ROOT_CLASS = YES_ERROR;
				CLANG_WARN_QUOTED_INCLUDE_IN_FRAMEWORK_HEADER = YES;
				CLANG_WARN_RANGE_LOOP_ANALYSIS = YES;
				CLANG_WARN_STRICT_PROTOTYPES = YES;
				CLANG_WARN_SUSPICIOUS_MOVE = YES;
				CLANG_WARN_UNGUARDED_AVAILABILITY = YES_AGGRESSIVE;
				CLANG_WARN_UNREACHABLE_CODE = YES;
				CLANG_WARN__DUPLICATE_METHOD_MATCH = YES;
				COPY_PHASE_STRIP = NO;
				DEBUG_INFORMATION_FORMAT = "dwarf-with-dsym";
				ENABLE_NS_ASSERTIONS = NO;
				ENABLE_STRICT_OBJC_MSGSEND = YES;
				GCC_C_LANGUAGE_STANDARD = gnu11;
				GCC_NO_COMMON_BLOCKS = YES;
				GCC_WARN_64_TO_32_BIT_CONVERSION = YES;
				GCC_WARN_ABOUT_RETURN_TYPE = YES_ERROR;
				GCC_WARN_UNDECLARED_SELECTOR = YES;
				GCC_WARN_UNINITIALIZED_AUTOS = YES_AGGRESSIVE;
				GCC_WARN_UNUSED_FUNCTION = YES;
				GCC_WARN_UNUSED_VARIABLE = YES;
				IPHONEOS_DEPLOYMENT_TARGET = 15.2;
				MTL_ENABLE_DEBUG_INFO = NO;
				MTL_FAST_MATH = YES;
				SDKROOT = iphoneos;
				SWIFT_COMPILATION_MODE = wholemodule;
				SWIFT_OPTIMIZATION_LEVEL = "-O";
				VALIDATE_PRODUCT = YES;
			};
			name = Release;
		};
		E88F5FAB29EB29C2007A0F23 /* Debug */ = {
			isa = XCBuildConfiguration;
			buildSettings = {
				ASSETCATALOG_COMPILER_APPICON_NAME = AppIcon;
				ASSETCATALOG_COMPILER_GLOBAL_ACCENT_COLOR_NAME = AccentColor;
				CODE_SIGN_STYLE = Automatic;
				CURRENT_PROJECT_VERSION = 1;
				DEVELOPMENT_TEAM = 6M53C5J6J9;
				GENERATE_INFOPLIST_FILE = YES;
				INFOPLIST_FILE = PhotoWorld/Info.plist;
				INFOPLIST_KEY_UIApplicationSupportsIndirectInputEvents = YES;
				INFOPLIST_KEY_UILaunchStoryboardName = LaunchScreen;
				INFOPLIST_KEY_UIMainStoryboardFile = Main;
				INFOPLIST_KEY_UISupportedInterfaceOrientations_iPad = "UIInterfaceOrientationPortrait UIInterfaceOrientationPortraitUpsideDown UIInterfaceOrientationLandscapeLeft UIInterfaceOrientationLandscapeRight";
				INFOPLIST_KEY_UISupportedInterfaceOrientations_iPhone = "UIInterfaceOrientationPortrait UIInterfaceOrientationLandscapeLeft UIInterfaceOrientationLandscapeRight";
				LD_RUNPATH_SEARCH_PATHS = (
					"$(inherited)",
					"@executable_path/Frameworks",
				);
				MARKETING_VERSION = 1.0;
				PRODUCT_BUNDLE_IDENTIFIER = "-.PhotoWorld";
				PRODUCT_NAME = "$(TARGET_NAME)";
				SWIFT_EMIT_LOC_STRINGS = YES;
				SWIFT_VERSION = 5.0;
				TARGETED_DEVICE_FAMILY = "1,2";
			};
			name = Debug;
		};
		E88F5FAC29EB29C2007A0F23 /* Release */ = {
			isa = XCBuildConfiguration;
			buildSettings = {
				ASSETCATALOG_COMPILER_APPICON_NAME = AppIcon;
				ASSETCATALOG_COMPILER_GLOBAL_ACCENT_COLOR_NAME = AccentColor;
				CODE_SIGN_STYLE = Automatic;
				CURRENT_PROJECT_VERSION = 1;
				DEVELOPMENT_TEAM = 6M53C5J6J9;
				GENERATE_INFOPLIST_FILE = YES;
				INFOPLIST_FILE = PhotoWorld/Info.plist;
				INFOPLIST_KEY_UIApplicationSupportsIndirectInputEvents = YES;
				INFOPLIST_KEY_UILaunchStoryboardName = LaunchScreen;
				INFOPLIST_KEY_UIMainStoryboardFile = Main;
				INFOPLIST_KEY_UISupportedInterfaceOrientations_iPad = "UIInterfaceOrientationPortrait UIInterfaceOrientationPortraitUpsideDown UIInterfaceOrientationLandscapeLeft UIInterfaceOrientationLandscapeRight";
				INFOPLIST_KEY_UISupportedInterfaceOrientations_iPhone = "UIInterfaceOrientationPortrait UIInterfaceOrientationLandscapeLeft UIInterfaceOrientationLandscapeRight";
				LD_RUNPATH_SEARCH_PATHS = (
					"$(inherited)",
					"@executable_path/Frameworks",
				);
				MARKETING_VERSION = 1.0;
				PRODUCT_BUNDLE_IDENTIFIER = "-.PhotoWorld";
				PRODUCT_NAME = "$(TARGET_NAME)";
				SWIFT_EMIT_LOC_STRINGS = YES;
				SWIFT_VERSION = 5.0;
				TARGETED_DEVICE_FAMILY = "1,2";
			};
			name = Release;
		};
/* End XCBuildConfiguration section */

/* Begin XCConfigurationList section */
		E88F5F8E29EB29C1007A0F23 /* Build configuration list for PBXProject "PhotoWorld" */ = {
			isa = XCConfigurationList;
			buildConfigurations = (
				E88F5FA829EB29C2007A0F23 /* Debug */,
				E88F5FA929EB29C2007A0F23 /* Release */,
			);
			defaultConfigurationIsVisible = 0;
			defaultConfigurationName = Release;
		};
		E88F5FAA29EB29C2007A0F23 /* Build configuration list for PBXNativeTarget "PhotoWorld" */ = {
			isa = XCConfigurationList;
			buildConfigurations = (
				E88F5FAB29EB29C2007A0F23 /* Debug */,
				E88F5FAC29EB29C2007A0F23 /* Release */,
			);
			defaultConfigurationIsVisible = 0;
			defaultConfigurationName = Release;
		};
/* End XCConfigurationList section */

/* Begin XCVersionGroup section */
		E88F5F9F29EB29C1007A0F23 /* PhotoWorld.xcdatamodeld */ = {
			isa = XCVersionGroup;
			children = (
				E88F5FA029EB29C1007A0F23 /* PhotoWorld.xcdatamodel */,
			);
			currentVersion = E88F5FA029EB29C1007A0F23 /* PhotoWorld.xcdatamodel */;
			path = PhotoWorld.xcdatamodeld;
			sourceTree = "<group>";
			versionGroupType = wrapper.xcdatamodel;
		};
/* End XCVersionGroup section */
	};
	rootObject = E88F5F8B29EB29C1007A0F23 /* Project object */;
}
