// !$*UTF8*$!
{
	archiveVersion = 1;
	classes = {
	};
	objectVersion = 55;
	objects = {

/* Begin PBXBuildFile section */
		E81148A729EEDCA40069245D /* LoginView.swift in Sources */ = {isa = PBXBuildFile; fileRef = E81148A629EEDCA40069245D /* LoginView.swift */; };
		E81148A929EEE8990069245D /* LoginViewModel.swift in Sources */ = {isa = PBXBuildFile; fileRef = E81148A829EEE8990069245D /* LoginViewModel.swift */; };
		E81148AF29EF00900069245D /* CodeVerifier.swift in Sources */ = {isa = PBXBuildFile; fileRef = E81148AE29EF00900069245D /* CodeVerifier.swift */; };
		E81148B129EF01070069245D /* CodeVerifierViewModel.swift in Sources */ = {isa = PBXBuildFile; fileRef = E81148B029EF01070069245D /* CodeVerifierViewModel.swift */; };
		E81148B329EF01AE0069245D /* CodeLabel.swift in Sources */ = {isa = PBXBuildFile; fileRef = E81148B229EF01AE0069245D /* CodeLabel.swift */; };
		E81148B529EF02520069245D /* SecureTextField.swift in Sources */ = {isa = PBXBuildFile; fileRef = E81148B429EF02520069245D /* SecureTextField.swift */; };
		E81148B729EF1BFA0069245D /* CodeVerifierStyle.swift in Sources */ = {isa = PBXBuildFile; fileRef = E81148B629EF1BFA0069245D /* CodeVerifierStyle.swift */; };
		E81148B929EF34260069245D /* AccountVerificationView.swift in Sources */ = {isa = PBXBuildFile; fileRef = E81148B829EF34260069245D /* AccountVerificationView.swift */; };
		E81148BC29EF34C90069245D /* VerificationViewModel.swift in Sources */ = {isa = PBXBuildFile; fileRef = E81148BB29EF34C90069245D /* VerificationViewModel.swift */; };
		E81148BF29F04B550069245D /* EnterEmailView.swift in Sources */ = {isa = PBXBuildFile; fileRef = E81148BE29F04B540069245D /* EnterEmailView.swift */; };
		E81148C129F04B950069245D /* EdgeInsetsConstants.swift in Sources */ = {isa = PBXBuildFile; fileRef = E81148C029F04B950069245D /* EdgeInsetsConstants.swift */; };
		E81148C329F04D190069245D /* EnterEmailViewModel.swift in Sources */ = {isa = PBXBuildFile; fileRef = E81148C229F04D190069245D /* EnterEmailViewModel.swift */; };
		E81148C729F051520069245D /* NewPasswordView.swift in Sources */ = {isa = PBXBuildFile; fileRef = E81148C629F051520069245D /* NewPasswordView.swift */; };
		E81148C929F051810069245D /* EnterNewPasswordViewModel.swift in Sources */ = {isa = PBXBuildFile; fileRef = E81148C829F051810069245D /* EnterNewPasswordViewModel.swift */; };
		E81148CC29F055600069245D /* EnterCodeViewModel.swift in Sources */ = {isa = PBXBuildFile; fileRef = E81148CB29F055600069245D /* EnterCodeViewModel.swift */; };
		E81148CE29F055790069245D /* EnterCodeView.swift in Sources */ = {isa = PBXBuildFile; fileRef = E81148CD29F055790069245D /* EnterCodeView.swift */; };
		E81148D029F059160069245D /* WelcomeModuleFlowCoordinator.swift in Sources */ = {isa = PBXBuildFile; fileRef = E81148CF29F059160069245D /* WelcomeModuleFlowCoordinator.swift */; };
		E81148D429F059460069245D /* FlowCoordinator.swift in Sources */ = {isa = PBXBuildFile; fileRef = E81148D329F059460069245D /* FlowCoordinator.swift */; };
		E81148D629F06B700069245D /* Resolver.swift in Sources */ = {isa = PBXBuildFile; fileRef = E81148D529F06B700069245D /* Resolver.swift */; };
		E81148D829F0A8730069245D /* ResetPasswordFlowCoordinator.swift in Sources */ = {isa = PBXBuildFile; fileRef = E81148D729F0A8720069245D /* ResetPasswordFlowCoordinator.swift */; };
		E81148DA29F15B330069245D /* ResetPasswordSuccessView.swift in Sources */ = {isa = PBXBuildFile; fileRef = E81148D929F15B330069245D /* ResetPasswordSuccessView.swift */; };
		E81148DD29F162F80069245D /* StringValidator.swift in Sources */ = {isa = PBXBuildFile; fileRef = E81148DC29F162F80069245D /* StringValidator.swift */; };
		E88F5F9729EB29C1007A0F23 /* AppDelegate.swift in Sources */ = {isa = PBXBuildFile; fileRef = E88F5F9629EB29C1007A0F23 /* AppDelegate.swift */; };
		E88F5F9929EB29C1007A0F23 /* SceneDelegate.swift in Sources */ = {isa = PBXBuildFile; fileRef = E88F5F9829EB29C1007A0F23 /* SceneDelegate.swift */; };
		E88F5F9B29EB29C1007A0F23 /* ViewController.swift in Sources */ = {isa = PBXBuildFile; fileRef = E88F5F9A29EB29C1007A0F23 /* ViewController.swift */; };
		E88F5F9E29EB29C1007A0F23 /* Main.storyboard in Resources */ = {isa = PBXBuildFile; fileRef = E88F5F9C29EB29C1007A0F23 /* Main.storyboard */; };
		E88F5FA129EB29C1007A0F23 /* PhotoWorld.xcdatamodeld in Sources */ = {isa = PBXBuildFile; fileRef = E88F5F9F29EB29C1007A0F23 /* PhotoWorld.xcdatamodeld */; };
		E88F5FA329EB29C2007A0F23 /* Assets.xcassets in Resources */ = {isa = PBXBuildFile; fileRef = E88F5FA229EB29C2007A0F23 /* Assets.xcassets */; };
		E88F5FA629EB29C2007A0F23 /* LaunchScreen.storyboard in Resources */ = {isa = PBXBuildFile; fileRef = E88F5FA429EB29C2007A0F23 /* LaunchScreen.storyboard */; };
		E88F5FAF29EB2A0D007A0F23 /* MainButtonStyle.swift in Sources */ = {isa = PBXBuildFile; fileRef = E88F5FAE29EB2A0D007A0F23 /* MainButtonStyle.swift */; };
		E88F5FB129EB2A2F007A0F23 /* PasswordTextField.swift in Sources */ = {isa = PBXBuildFile; fileRef = E88F5FB029EB2A2F007A0F23 /* PasswordTextField.swift */; };
		E88F5FB329EB2A47007A0F23 /* InputTextField.swift in Sources */ = {isa = PBXBuildFile; fileRef = E88F5FB229EB2A47007A0F23 /* InputTextField.swift */; };
		E88F5FB529EB2A5A007A0F23 /* CheckBox.swift in Sources */ = {isa = PBXBuildFile; fileRef = E88F5FB429EB2A59007A0F23 /* CheckBox.swift */; };
		E88F5FB829EB2AF5007A0F23 /* ColorConstants.swift in Sources */ = {isa = PBXBuildFile; fileRef = E88F5FB729EB2AF5007A0F23 /* ColorConstants.swift */; };
		E88F5FBB29EB2B33007A0F23 /* View+.swift in Sources */ = {isa = PBXBuildFile; fileRef = E88F5FBA29EB2B33007A0F23 /* View+.swift */; };
		E88F5FBD29EB2B99007A0F23 /* Helpers.swift in Sources */ = {isa = PBXBuildFile; fileRef = E88F5FBC29EB2B99007A0F23 /* Helpers.swift */; };
		E88F5FBF29EB2BD5007A0F23 /* RoundedCornersView.swift in Sources */ = {isa = PBXBuildFile; fileRef = E88F5FBE29EB2BD5007A0F23 /* RoundedCornersView.swift */; };
		E88F5FC529EB2C85007A0F23 /* RegView.swift in Sources */ = {isa = PBXBuildFile; fileRef = E88F5FC429EB2C85007A0F23 /* RegView.swift */; };
		E88F5FC729EDA579007A0F23 /* RegViewModel.swift in Sources */ = {isa = PBXBuildFile; fileRef = E88F5FC629EDA579007A0F23 /* RegViewModel.swift */; };
		E8B6DEC929F17A5600EABC98 /* TestView.swift in Sources */ = {isa = PBXBuildFile; fileRef = E8B6DEC829F17A5600EABC98 /* TestView.swift */; };
		E8B6DECC29F1987600EABC98 /* PhotoPicker.swift in Sources */ = {isa = PBXBuildFile; fileRef = E8B6DECB29F1987600EABC98 /* PhotoPicker.swift */; };
		E8B6DECE29F19E4E00EABC98 /* PhotoPickerModel.swift in Sources */ = {isa = PBXBuildFile; fileRef = E8B6DECD29F19E4E00EABC98 /* PhotoPickerModel.swift */; };
		E8B6DED129F1A84200EABC98 /* ProfileChoiceView.swift in Sources */ = {isa = PBXBuildFile; fileRef = E8B6DED029F1A84200EABC98 /* ProfileChoiceView.swift */; };
		E8B6DED329F1B66500EABC98 /* SpecializationChoiceView.swift in Sources */ = {isa = PBXBuildFile; fileRef = E8B6DED229F1B66500EABC98 /* SpecializationChoiceView.swift */; };
		E8B6DED529F1B67500EABC98 /* SpecializationChoiceViewModel.swift in Sources */ = {isa = PBXBuildFile; fileRef = E8B6DED429F1B67500EABC98 /* SpecializationChoiceViewModel.swift */; };
		E8B6DED829F2BA1300EABC98 /* ProfileChoiceFlowCoordinator.swift in Sources */ = {isa = PBXBuildFile; fileRef = E8B6DED729F2BA1300EABC98 /* ProfileChoiceFlowCoordinator.swift */; };
		E8B6DEDB29F2BEA100EABC98 /* PhotographerSpecialization.swift in Sources */ = {isa = PBXBuildFile; fileRef = E8B6DEDA29F2BEA100EABC98 /* PhotographerSpecialization.swift */; };
		E8B6DEDD29F2BF9C00EABC98 /* ProfileShortInfo.swift in Sources */ = {isa = PBXBuildFile; fileRef = E8B6DEDC29F2BF9C00EABC98 /* ProfileShortInfo.swift */; };
		E8B6DEE029F2CA5400EABC98 /* PhotoChoiceView.swift in Sources */ = {isa = PBXBuildFile; fileRef = E8B6DEDF29F2CA5400EABC98 /* PhotoChoiceView.swift */; };
		E8B6DEE229F2D99900EABC98 /* PhotoChoiceViewModel.swift in Sources */ = {isa = PBXBuildFile; fileRef = E8B6DEE129F2D99900EABC98 /* PhotoChoiceViewModel.swift */; };
/* End PBXBuildFile section */

/* Begin PBXFileReference section */
		E81148A629EEDCA40069245D /* LoginView.swift */ = {isa = PBXFileReference; lastKnownFileType = sourcecode.swift; path = LoginView.swift; sourceTree = "<group>"; };
		E81148A829EEE8990069245D /* LoginViewModel.swift */ = {isa = PBXFileReference; lastKnownFileType = sourcecode.swift; path = LoginViewModel.swift; sourceTree = "<group>"; };
		E81148AE29EF00900069245D /* CodeVerifier.swift */ = {isa = PBXFileReference; lastKnownFileType = sourcecode.swift; path = CodeVerifier.swift; sourceTree = "<group>"; };
		E81148B029EF01070069245D /* CodeVerifierViewModel.swift */ = {isa = PBXFileReference; lastKnownFileType = sourcecode.swift; path = CodeVerifierViewModel.swift; sourceTree = "<group>"; };
		E81148B229EF01AE0069245D /* CodeLabel.swift */ = {isa = PBXFileReference; lastKnownFileType = sourcecode.swift; path = CodeLabel.swift; sourceTree = "<group>"; };
		E81148B429EF02520069245D /* SecureTextField.swift */ = {isa = PBXFileReference; lastKnownFileType = sourcecode.swift; path = SecureTextField.swift; sourceTree = "<group>"; };
		E81148B629EF1BFA0069245D /* CodeVerifierStyle.swift */ = {isa = PBXFileReference; lastKnownFileType = sourcecode.swift; path = CodeVerifierStyle.swift; sourceTree = "<group>"; };
		E81148B829EF34260069245D /* AccountVerificationView.swift */ = {isa = PBXFileReference; lastKnownFileType = sourcecode.swift; path = AccountVerificationView.swift; sourceTree = "<group>"; };
		E81148BB29EF34C90069245D /* VerificationViewModel.swift */ = {isa = PBXFileReference; lastKnownFileType = sourcecode.swift; path = VerificationViewModel.swift; sourceTree = "<group>"; };
		E81148BE29F04B540069245D /* EnterEmailView.swift */ = {isa = PBXFileReference; lastKnownFileType = sourcecode.swift; path = EnterEmailView.swift; sourceTree = "<group>"; };
		E81148C029F04B950069245D /* EdgeInsetsConstants.swift */ = {isa = PBXFileReference; lastKnownFileType = sourcecode.swift; path = EdgeInsetsConstants.swift; sourceTree = "<group>"; };
		E81148C229F04D190069245D /* EnterEmailViewModel.swift */ = {isa = PBXFileReference; lastKnownFileType = sourcecode.swift; path = EnterEmailViewModel.swift; sourceTree = "<group>"; };
		E81148C629F051520069245D /* NewPasswordView.swift */ = {isa = PBXFileReference; lastKnownFileType = sourcecode.swift; path = NewPasswordView.swift; sourceTree = "<group>"; };
		E81148C829F051810069245D /* EnterNewPasswordViewModel.swift */ = {isa = PBXFileReference; lastKnownFileType = sourcecode.swift; path = EnterNewPasswordViewModel.swift; sourceTree = "<group>"; };
		E81148CB29F055600069245D /* EnterCodeViewModel.swift */ = {isa = PBXFileReference; lastKnownFileType = sourcecode.swift; path = EnterCodeViewModel.swift; sourceTree = "<group>"; };
		E81148CD29F055790069245D /* EnterCodeView.swift */ = {isa = PBXFileReference; lastKnownFileType = sourcecode.swift; path = EnterCodeView.swift; sourceTree = "<group>"; };
		E81148CF29F059160069245D /* WelcomeModuleFlowCoordinator.swift */ = {isa = PBXFileReference; lastKnownFileType = sourcecode.swift; path = WelcomeModuleFlowCoordinator.swift; sourceTree = "<group>"; };
		E81148D329F059460069245D /* FlowCoordinator.swift */ = {isa = PBXFileReference; lastKnownFileType = sourcecode.swift; path = FlowCoordinator.swift; sourceTree = "<group>"; };
		E81148D529F06B700069245D /* Resolver.swift */ = {isa = PBXFileReference; lastKnownFileType = sourcecode.swift; path = Resolver.swift; sourceTree = "<group>"; };
		E81148D729F0A8720069245D /* ResetPasswordFlowCoordinator.swift */ = {isa = PBXFileReference; lastKnownFileType = sourcecode.swift; path = ResetPasswordFlowCoordinator.swift; sourceTree = "<group>"; };
		E81148D929F15B330069245D /* ResetPasswordSuccessView.swift */ = {isa = PBXFileReference; lastKnownFileType = sourcecode.swift; path = ResetPasswordSuccessView.swift; sourceTree = "<group>"; };
		E81148DC29F162F80069245D /* StringValidator.swift */ = {isa = PBXFileReference; lastKnownFileType = sourcecode.swift; path = StringValidator.swift; sourceTree = "<group>"; };
		E88F5F9329EB29C1007A0F23 /* PhotoWorld.app */ = {isa = PBXFileReference; explicitFileType = wrapper.application; includeInIndex = 0; path = PhotoWorld.app; sourceTree = BUILT_PRODUCTS_DIR; };
		E88F5F9629EB29C1007A0F23 /* AppDelegate.swift */ = {isa = PBXFileReference; lastKnownFileType = sourcecode.swift; path = AppDelegate.swift; sourceTree = "<group>"; };
		E88F5F9829EB29C1007A0F23 /* SceneDelegate.swift */ = {isa = PBXFileReference; lastKnownFileType = sourcecode.swift; path = SceneDelegate.swift; sourceTree = "<group>"; };
		E88F5F9A29EB29C1007A0F23 /* ViewController.swift */ = {isa = PBXFileReference; lastKnownFileType = sourcecode.swift; path = ViewController.swift; sourceTree = "<group>"; };
		E88F5F9D29EB29C1007A0F23 /* Base */ = {isa = PBXFileReference; lastKnownFileType = file.storyboard; name = Base; path = Base.lproj/Main.storyboard; sourceTree = "<group>"; };
		E88F5FA029EB29C1007A0F23 /* PhotoWorld.xcdatamodel */ = {isa = PBXFileReference; lastKnownFileType = wrapper.xcdatamodel; path = PhotoWorld.xcdatamodel; sourceTree = "<group>"; };
		E88F5FA229EB29C2007A0F23 /* Assets.xcassets */ = {isa = PBXFileReference; lastKnownFileType = folder.assetcatalog; path = Assets.xcassets; sourceTree = "<group>"; };
		E88F5FA529EB29C2007A0F23 /* Base */ = {isa = PBXFileReference; lastKnownFileType = file.storyboard; name = Base; path = Base.lproj/LaunchScreen.storyboard; sourceTree = "<group>"; };
		E88F5FA729EB29C2007A0F23 /* Info.plist */ = {isa = PBXFileReference; lastKnownFileType = text.plist.xml; path = Info.plist; sourceTree = "<group>"; };
		E88F5FAE29EB2A0D007A0F23 /* MainButtonStyle.swift */ = {isa = PBXFileReference; lastKnownFileType = sourcecode.swift; path = MainButtonStyle.swift; sourceTree = "<group>"; };
		E88F5FB029EB2A2F007A0F23 /* PasswordTextField.swift */ = {isa = PBXFileReference; lastKnownFileType = sourcecode.swift; path = PasswordTextField.swift; sourceTree = "<group>"; };
		E88F5FB229EB2A47007A0F23 /* InputTextField.swift */ = {isa = PBXFileReference; lastKnownFileType = sourcecode.swift; path = InputTextField.swift; sourceTree = "<group>"; };
		E88F5FB429EB2A59007A0F23 /* CheckBox.swift */ = {isa = PBXFileReference; lastKnownFileType = sourcecode.swift; path = CheckBox.swift; sourceTree = "<group>"; };
		E88F5FB729EB2AF5007A0F23 /* ColorConstants.swift */ = {isa = PBXFileReference; lastKnownFileType = sourcecode.swift; path = ColorConstants.swift; sourceTree = "<group>"; };
		E88F5FBA29EB2B33007A0F23 /* View+.swift */ = {isa = PBXFileReference; lastKnownFileType = sourcecode.swift; path = "View+.swift"; sourceTree = "<group>"; };
		E88F5FBC29EB2B99007A0F23 /* Helpers.swift */ = {isa = PBXFileReference; lastKnownFileType = sourcecode.swift; path = Helpers.swift; sourceTree = "<group>"; };
		E88F5FBE29EB2BD5007A0F23 /* RoundedCornersView.swift */ = {isa = PBXFileReference; lastKnownFileType = sourcecode.swift; path = RoundedCornersView.swift; sourceTree = "<group>"; };
		E88F5FC429EB2C85007A0F23 /* RegView.swift */ = {isa = PBXFileReference; lastKnownFileType = sourcecode.swift; path = RegView.swift; sourceTree = "<group>"; };
		E88F5FC629EDA579007A0F23 /* RegViewModel.swift */ = {isa = PBXFileReference; lastKnownFileType = sourcecode.swift; path = RegViewModel.swift; sourceTree = "<group>"; };
		E8B6DEC829F17A5600EABC98 /* TestView.swift */ = {isa = PBXFileReference; lastKnownFileType = sourcecode.swift; path = TestView.swift; sourceTree = "<group>"; };
		E8B6DECB29F1987600EABC98 /* PhotoPicker.swift */ = {isa = PBXFileReference; lastKnownFileType = sourcecode.swift; path = PhotoPicker.swift; sourceTree = "<group>"; };
		E8B6DECD29F19E4E00EABC98 /* PhotoPickerModel.swift */ = {isa = PBXFileReference; lastKnownFileType = sourcecode.swift; path = PhotoPickerModel.swift; sourceTree = "<group>"; };
		E8B6DED029F1A84200EABC98 /* ProfileChoiceView.swift */ = {isa = PBXFileReference; lastKnownFileType = sourcecode.swift; path = ProfileChoiceView.swift; sourceTree = "<group>"; };
		E8B6DED229F1B66500EABC98 /* SpecializationChoiceView.swift */ = {isa = PBXFileReference; lastKnownFileType = sourcecode.swift; path = SpecializationChoiceView.swift; sourceTree = "<group>"; };
		E8B6DED429F1B67500EABC98 /* SpecializationChoiceViewModel.swift */ = {isa = PBXFileReference; lastKnownFileType = sourcecode.swift; path = SpecializationChoiceViewModel.swift; sourceTree = "<group>"; };
		E8B6DED729F2BA1300EABC98 /* ProfileChoiceFlowCoordinator.swift */ = {isa = PBXFileReference; lastKnownFileType = sourcecode.swift; path = ProfileChoiceFlowCoordinator.swift; sourceTree = "<group>"; };
		E8B6DEDA29F2BEA100EABC98 /* PhotographerSpecialization.swift */ = {isa = PBXFileReference; lastKnownFileType = sourcecode.swift; path = PhotographerSpecialization.swift; sourceTree = "<group>"; };
		E8B6DEDC29F2BF9C00EABC98 /* ProfileShortInfo.swift */ = {isa = PBXFileReference; lastKnownFileType = sourcecode.swift; path = ProfileShortInfo.swift; sourceTree = "<group>"; };
		E8B6DEDF29F2CA5400EABC98 /* PhotoChoiceView.swift */ = {isa = PBXFileReference; lastKnownFileType = sourcecode.swift; path = PhotoChoiceView.swift; sourceTree = "<group>"; };
		E8B6DEE129F2D99900EABC98 /* PhotoChoiceViewModel.swift */ = {isa = PBXFileReference; lastKnownFileType = sourcecode.swift; path = PhotoChoiceViewModel.swift; sourceTree = "<group>"; };
/* End PBXFileReference section */

/* Begin PBXFrameworksBuildPhase section */
		E88F5F9029EB29C1007A0F23 /* Frameworks */ = {
			isa = PBXFrameworksBuildPhase;
			buildActionMask = 2147483647;
			files = (
			);
			runOnlyForDeploymentPostprocessing = 0;
		};
/* End PBXFrameworksBuildPhase section */

/* Begin PBXGroup section */
		E81148A529EEDC940069245D /* Login */ = {
			isa = PBXGroup;
			children = (
				E81148A629EEDCA40069245D /* LoginView.swift */,
				E81148A829EEE8990069245D /* LoginViewModel.swift */,
			);
			path = Login;
			sourceTree = "<group>";
		};
		E81148AD29EF00690069245D /* CodeVerifier */ = {
			isa = PBXGroup;
			children = (
				E81148AE29EF00900069245D /* CodeVerifier.swift */,
				E81148B029EF01070069245D /* CodeVerifierViewModel.swift */,
				E81148B229EF01AE0069245D /* CodeLabel.swift */,
				E81148B429EF02520069245D /* SecureTextField.swift */,
				E81148B629EF1BFA0069245D /* CodeVerifierStyle.swift */,
			);
			path = CodeVerifier;
			sourceTree = "<group>";
		};
		E81148BA29EF342F0069245D /* AccountVerification */ = {
			isa = PBXGroup;
			children = (
				E81148B829EF34260069245D /* AccountVerificationView.swift */,
				E81148BB29EF34C90069245D /* VerificationViewModel.swift */,
			);
			path = AccountVerification;
			sourceTree = "<group>";
		};
		E81148BD29F04B0D0069245D /* ResetPassword */ = {
			isa = PBXGroup;
			children = (
				E81148CA29F0552F0069245D /* EnterPassword */,
				E81148C529F051340069245D /* EnterCode */,
				E81148C429F051240069245D /* EnterEmail */,
				E81148D729F0A8720069245D /* ResetPasswordFlowCoordinator.swift */,
				E81148D929F15B330069245D /* ResetPasswordSuccessView.swift */,
			);
			path = ResetPassword;
			sourceTree = "<group>";
		};
		E81148C429F051240069245D /* EnterEmail */ = {
			isa = PBXGroup;
			children = (
				E81148C229F04D190069245D /* EnterEmailViewModel.swift */,
				E81148BE29F04B540069245D /* EnterEmailView.swift */,
			);
			path = EnterEmail;
			sourceTree = "<group>";
		};
		E81148C529F051340069245D /* EnterCode */ = {
			isa = PBXGroup;
			children = (
				E81148CB29F055600069245D /* EnterCodeViewModel.swift */,
				E81148CD29F055790069245D /* EnterCodeView.swift */,
			);
			path = EnterCode;
			sourceTree = "<group>";
		};
		E81148CA29F0552F0069245D /* EnterPassword */ = {
			isa = PBXGroup;
			children = (
				E81148C829F051810069245D /* EnterNewPasswordViewModel.swift */,
				E81148C629F051520069245D /* NewPasswordView.swift */,
			);
			path = EnterPassword;
			sourceTree = "<group>";
		};
		E81148D129F0592D0069245D /* Model */ = {
			isa = PBXGroup;
			children = (
				E8B6DED929F2BE6700EABC98 /* Enumerations */,
				E81148D229F059350069245D /* Protocols */,
				E81148D529F06B700069245D /* Resolver.swift */,
				E8B6DEDC29F2BF9C00EABC98 /* ProfileShortInfo.swift */,
			);
			path = Model;
			sourceTree = "<group>";
		};
		E81148D229F059350069245D /* Protocols */ = {
			isa = PBXGroup;
			children = (
				E81148D329F059460069245D /* FlowCoordinator.swift */,
			);
			path = Protocols;
			sourceTree = "<group>";
		};
		E81148DB29F162E60069245D /* Helpers */ = {
			isa = PBXGroup;
			children = (
				E81148DC29F162F80069245D /* StringValidator.swift */,
			);
			path = Helpers;
			sourceTree = "<group>";
		};
		E88F5F8A29EB29C1007A0F23 = {
			isa = PBXGroup;
			children = (
				E88F5F9529EB29C1007A0F23 /* PhotoWorld */,
				E88F5F9429EB29C1007A0F23 /* Products */,
			);
			sourceTree = "<group>";
		};
		E88F5F9429EB29C1007A0F23 /* Products */ = {
			isa = PBXGroup;
			children = (
				E88F5F9329EB29C1007A0F23 /* PhotoWorld.app */,
			);
			name = Products;
			sourceTree = "<group>";
		};
		E88F5F9529EB29C1007A0F23 /* PhotoWorld */ = {
			isa = PBXGroup;
			children = (
				E8B6DECF29F1A80300EABC98 /* ProfileCreationModule */,
				E81148DB29F162E60069245D /* Helpers */,
				E81148D129F0592D0069245D /* Model */,
				E88F5FC229EB2C4F007A0F23 /* WelcomeModule */,
				E88F5FB929EB2B21007A0F23 /* Extensions */,
				E88F5FB629EB2A8E007A0F23 /* Constants */,
				E88F5FAD29EB29E2007A0F23 /* ReusableViews */,
				E88F5F9629EB29C1007A0F23 /* AppDelegate.swift */,
				E88F5F9829EB29C1007A0F23 /* SceneDelegate.swift */,
				E88F5F9A29EB29C1007A0F23 /* ViewController.swift */,
				E88F5F9C29EB29C1007A0F23 /* Main.storyboard */,
				E88F5FA229EB29C2007A0F23 /* Assets.xcassets */,
				E88F5FA429EB29C2007A0F23 /* LaunchScreen.storyboard */,
				E88F5FA729EB29C2007A0F23 /* Info.plist */,
				E88F5F9F29EB29C1007A0F23 /* PhotoWorld.xcdatamodeld */,
				E88F5FBC29EB2B99007A0F23 /* Helpers.swift */,
				E8B6DEC829F17A5600EABC98 /* TestView.swift */,
			);
			path = PhotoWorld;
			sourceTree = "<group>";
		};
		E88F5FAD29EB29E2007A0F23 /* ReusableViews */ = {
			isa = PBXGroup;
			children = (
				E8B6DECA29F1983B00EABC98 /* ImagePicker */,
				E81148AD29EF00690069245D /* CodeVerifier */,
				E88F5FAE29EB2A0D007A0F23 /* MainButtonStyle.swift */,
				E88F5FB029EB2A2F007A0F23 /* PasswordTextField.swift */,
				E88F5FB229EB2A47007A0F23 /* InputTextField.swift */,
				E88F5FB429EB2A59007A0F23 /* CheckBox.swift */,
				E88F5FBE29EB2BD5007A0F23 /* RoundedCornersView.swift */,
			);
			path = ReusableViews;
			sourceTree = "<group>";
		};
		E88F5FB629EB2A8E007A0F23 /* Constants */ = {
			isa = PBXGroup;
			children = (
				E88F5FB729EB2AF5007A0F23 /* ColorConstants.swift */,
				E81148C029F04B950069245D /* EdgeInsetsConstants.swift */,
			);
			path = Constants;
			sourceTree = "<group>";
		};
		E88F5FB929EB2B21007A0F23 /* Extensions */ = {
			isa = PBXGroup;
			children = (
				E88F5FBA29EB2B33007A0F23 /* View+.swift */,
			);
			path = Extensions;
			sourceTree = "<group>";
		};
		E88F5FC229EB2C4F007A0F23 /* WelcomeModule */ = {
			isa = PBXGroup;
			children = (
				E81148BD29F04B0D0069245D /* ResetPassword */,
				E81148BA29EF342F0069245D /* AccountVerification */,
				E81148A529EEDC940069245D /* Login */,
				E88F5FC329EB2C66007A0F23 /* Registration */,
				E81148CF29F059160069245D /* WelcomeModuleFlowCoordinator.swift */,
			);
			path = WelcomeModule;
			sourceTree = "<group>";
		};
		E88F5FC329EB2C66007A0F23 /* Registration */ = {
			isa = PBXGroup;
			children = (
				E88F5FC429EB2C85007A0F23 /* RegView.swift */,
				E88F5FC629EDA579007A0F23 /* RegViewModel.swift */,
			);
			path = Registration;
			sourceTree = "<group>";
		};
		E8B6DECA29F1983B00EABC98 /* ImagePicker */ = {
			isa = PBXGroup;
			children = (
				E8B6DECB29F1987600EABC98 /* PhotoPicker.swift */,
				E8B6DECD29F19E4E00EABC98 /* PhotoPickerModel.swift */,
			);
			path = ImagePicker;
			sourceTree = "<group>";
		};
		E8B6DECF29F1A80300EABC98 /* ProfileCreationModule */ = {
			isa = PBXGroup;
			children = (
				E8B6DEDE29F2CA1B00EABC98 /* PhotoChoice */,
				E8B6DED029F1A84200EABC98 /* ProfileChoiceView.swift */,
				E8B6DED629F1B67C00EABC98 /* SpecializationChoice */,
				E8B6DED729F2BA1300EABC98 /* ProfileChoiceFlowCoordinator.swift */,
			);
			path = ProfileCreationModule;
			sourceTree = "<group>";
		};
		E8B6DED629F1B67C00EABC98 /* SpecializationChoice */ = {
			isa = PBXGroup;
			children = (
				E8B6DED429F1B67500EABC98 /* SpecializationChoiceViewModel.swift */,
				E8B6DED229F1B66500EABC98 /* SpecializationChoiceView.swift */,
			);
			path = SpecializationChoice;
			sourceTree = "<group>";
		};
		E8B6DED929F2BE6700EABC98 /* Enumerations */ = {
			isa = PBXGroup;
			children = (
				E8B6DEDA29F2BEA100EABC98 /* PhotographerSpecialization.swift */,
			);
			path = Enumerations;
			sourceTree = "<group>";
		};
		E8B6DEDE29F2CA1B00EABC98 /* PhotoChoice */ = {
			isa = PBXGroup;
			children = (
				E8B6DEDF29F2CA5400EABC98 /* PhotoChoiceView.swift */,
				E8B6DEE129F2D99900EABC98 /* PhotoChoiceViewModel.swift */,
			);
			path = PhotoChoice;
			sourceTree = "<group>";
		};
/* End PBXGroup section */

/* Begin PBXNativeTarget section */
		E88F5F9229EB29C1007A0F23 /* PhotoWorld */ = {
			isa = PBXNativeTarget;
			buildConfigurationList = E88F5FAA29EB29C2007A0F23 /* Build configuration list for PBXNativeTarget "PhotoWorld" */;
			buildPhases = (
				E88F5F8F29EB29C1007A0F23 /* Sources */,
				E88F5F9029EB29C1007A0F23 /* Frameworks */,
				E88F5F9129EB29C1007A0F23 /* Resources */,
			);
			buildRules = (
			);
			dependencies = (
			);
			name = PhotoWorld;
			packageProductDependencies = (
			);
			productName = PhotoWorld;
			productReference = E88F5F9329EB29C1007A0F23 /* PhotoWorld.app */;
			productType = "com.apple.product-type.application";
		};
/* End PBXNativeTarget section */

/* Begin PBXProject section */
		E88F5F8B29EB29C1007A0F23 /* Project object */ = {
			isa = PBXProject;
			attributes = {
				BuildIndependentTargetsInParallel = 1;
				LastSwiftUpdateCheck = 1320;
				LastUpgradeCheck = 1320;
				TargetAttributes = {
					E88F5F9229EB29C1007A0F23 = {
						CreatedOnToolsVersion = 13.2.1;
					};
				};
			};
			buildConfigurationList = E88F5F8E29EB29C1007A0F23 /* Build configuration list for PBXProject "PhotoWorld" */;
			compatibilityVersion = "Xcode 13.0";
			developmentRegion = en;
			hasScannedForEncodings = 0;
			knownRegions = (
				en,
				Base,
			);
			mainGroup = E88F5F8A29EB29C1007A0F23;
			packageReferences = (
			);
			productRefGroup = E88F5F9429EB29C1007A0F23 /* Products */;
			projectDirPath = "";
			projectRoot = "";
			targets = (
				E88F5F9229EB29C1007A0F23 /* PhotoWorld */,
			);
		};
/* End PBXProject section */

/* Begin PBXResourcesBuildPhase section */
		E88F5F9129EB29C1007A0F23 /* Resources */ = {
			isa = PBXResourcesBuildPhase;
			buildActionMask = 2147483647;
			files = (
				E88F5FA629EB29C2007A0F23 /* LaunchScreen.storyboard in Resources */,
				E88F5FA329EB29C2007A0F23 /* Assets.xcassets in Resources */,
				E88F5F9E29EB29C1007A0F23 /* Main.storyboard in Resources */,
			);
			runOnlyForDeploymentPostprocessing = 0;
		};
/* End PBXResourcesBuildPhase section */

/* Begin PBXSourcesBuildPhase section */
		E88F5F8F29EB29C1007A0F23 /* Sources */ = {
			isa = PBXSourcesBuildPhase;
			buildActionMask = 2147483647;
			files = (
				E81148AF29EF00900069245D /* CodeVerifier.swift in Sources */,
				E88F5FB529EB2A5A007A0F23 /* CheckBox.swift in Sources */,
				E8B6DEDB29F2BEA100EABC98 /* PhotographerSpecialization.swift in Sources */,
				E88F5FAF29EB2A0D007A0F23 /* MainButtonStyle.swift in Sources */,
				E81148D629F06B700069245D /* Resolver.swift in Sources */,
				E81148BC29EF34C90069245D /* VerificationViewModel.swift in Sources */,
				E81148C929F051810069245D /* EnterNewPasswordViewModel.swift in Sources */,
				E8B6DED529F1B67500EABC98 /* SpecializationChoiceViewModel.swift in Sources */,
				E81148C129F04B950069245D /* EdgeInsetsConstants.swift in Sources */,
				E88F5F9B29EB29C1007A0F23 /* ViewController.swift in Sources */,
				E81148A729EEDCA40069245D /* LoginView.swift in Sources */,
				E8B6DED829F2BA1300EABC98 /* ProfileChoiceFlowCoordinator.swift in Sources */,
				E8B6DEE029F2CA5400EABC98 /* PhotoChoiceView.swift in Sources */,
				E8B6DED129F1A84200EABC98 /* ProfileChoiceView.swift in Sources */,
				E81148A929EEE8990069245D /* LoginViewModel.swift in Sources */,
				E81148C729F051520069245D /* NewPasswordView.swift in Sources */,
				E81148C329F04D190069245D /* EnterEmailViewModel.swift in Sources */,
				E88F5FBF29EB2BD5007A0F23 /* RoundedCornersView.swift in Sources */,
				E81148D429F059460069245D /* FlowCoordinator.swift in Sources */,
				E88F5FB129EB2A2F007A0F23 /* PasswordTextField.swift in Sources */,
				E88F5FC729EDA579007A0F23 /* RegViewModel.swift in Sources */,
				E81148CE29F055790069245D /* EnterCodeView.swift in Sources */,
				E88F5FBD29EB2B99007A0F23 /* Helpers.swift in Sources */,
				E8B6DEDD29F2BF9C00EABC98 /* ProfileShortInfo.swift in Sources */,
				E88F5FA129EB29C1007A0F23 /* PhotoWorld.xcdatamodeld in Sources */,
				E88F5F9729EB29C1007A0F23 /* AppDelegate.swift in Sources */,
				E8B6DEE229F2D99900EABC98 /* PhotoChoiceViewModel.swift in Sources */,
				E88F5FB829EB2AF5007A0F23 /* ColorConstants.swift in Sources */,
				E8B6DECE29F19E4E00EABC98 /* PhotoPickerModel.swift in Sources */,
				E81148DD29F162F80069245D /* StringValidator.swift in Sources */,
				E88F5FB329EB2A47007A0F23 /* InputTextField.swift in Sources */,
				E81148B329EF01AE0069245D /* CodeLabel.swift in Sources */,
				E81148DA29F15B330069245D /* ResetPasswordSuccessView.swift in Sources */,
				E81148BF29F04B550069245D /* EnterEmailView.swift in Sources */,
				E88F5FC529EB2C85007A0F23 /* RegView.swift in Sources */,
				E81148B729EF1BFA0069245D /* CodeVerifierStyle.swift in Sources */,
				E81148CC29F055600069245D /* EnterCodeViewModel.swift in Sources */,
				E81148D029F059160069245D /* WelcomeModuleFlowCoordinator.swift in Sources */,
				E81148B529EF02520069245D /* SecureTextField.swift in Sources */,
				E81148B929EF34260069245D /* AccountVerificationView.swift in Sources */,
				E8B6DECC29F1987600EABC98 /* PhotoPicker.swift in Sources */,
				E81148B129EF01070069245D /* CodeVerifierViewModel.swift in Sources */,
				E8B6DEC929F17A5600EABC98 /* TestView.swift in Sources */,
				E81148D829F0A8730069245D /* ResetPasswordFlowCoordinator.swift in Sources */,
				E88F5FBB29EB2B33007A0F23 /* View+.swift in Sources */,
				E8B6DED329F1B66500EABC98 /* SpecializationChoiceView.swift in Sources */,
				E88F5F9929EB29C1007A0F23 /* SceneDelegate.swift in Sources */,
			);
			runOnlyForDeploymentPostprocessing = 0;
		};
/* End PBXSourcesBuildPhase section */

/* Begin PBXVariantGroup section */
		E88F5F9C29EB29C1007A0F23 /* Main.storyboard */ = {
			isa = PBXVariantGroup;
			children = (
				E88F5F9D29EB29C1007A0F23 /* Base */,
			);
			name = Main.storyboard;
			sourceTree = "<group>";
		};
		E88F5FA429EB29C2007A0F23 /* LaunchScreen.storyboard */ = {
			isa = PBXVariantGroup;
			children = (
				E88F5FA529EB29C2007A0F23 /* Base */,
			);
			name = LaunchScreen.storyboard;
			sourceTree = "<group>";
		};
/* End PBXVariantGroup section */

/* Begin XCBuildConfiguration section */
		E88F5FA829EB29C2007A0F23 /* Debug */ = {
			isa = XCBuildConfiguration;
			buildSettings = {
				ALWAYS_SEARCH_USER_PATHS = NO;
				CLANG_ANALYZER_NONNULL = YES;
				CLANG_ANALYZER_NUMBER_OBJECT_CONVERSION = YES_AGGRESSIVE;
				CLANG_CXX_LANGUAGE_STANDARD = "gnu++17";
				CLANG_CXX_LIBRARY = "libc++";
				CLANG_ENABLE_MODULES = YES;
				CLANG_ENABLE_OBJC_ARC = YES;
				CLANG_ENABLE_OBJC_WEAK = YES;
				CLANG_WARN_BLOCK_CAPTURE_AUTORELEASING = YES;
				CLANG_WARN_BOOL_CONVERSION = YES;
				CLANG_WARN_COMMA = YES;
				CLANG_WARN_CONSTANT_CONVERSION = YES;
				CLANG_WARN_DEPRECATED_OBJC_IMPLEMENTATIONS = YES;
				CLANG_WARN_DIRECT_OBJC_ISA_USAGE = YES_ERROR;
				CLANG_WARN_DOCUMENTATION_COMMENTS = YES;
				CLANG_WARN_EMPTY_BODY = YES;
				CLANG_WARN_ENUM_CONVERSION = YES;
				CLANG_WARN_INFINITE_RECURSION = YES;
				CLANG_WARN_INT_CONVERSION = YES;
				CLANG_WARN_NON_LITERAL_NULL_CONVERSION = YES;
				CLANG_WARN_OBJC_IMPLICIT_RETAIN_SELF = YES;
				CLANG_WARN_OBJC_LITERAL_CONVERSION = YES;
				CLANG_WARN_OBJC_ROOT_CLASS = YES_ERROR;
				CLANG_WARN_QUOTED_INCLUDE_IN_FRAMEWORK_HEADER = YES;
				CLANG_WARN_RANGE_LOOP_ANALYSIS = YES;
				CLANG_WARN_STRICT_PROTOTYPES = YES;
				CLANG_WARN_SUSPICIOUS_MOVE = YES;
				CLANG_WARN_UNGUARDED_AVAILABILITY = YES_AGGRESSIVE;
				CLANG_WARN_UNREACHABLE_CODE = YES;
				CLANG_WARN__DUPLICATE_METHOD_MATCH = YES;
				COPY_PHASE_STRIP = NO;
				DEBUG_INFORMATION_FORMAT = dwarf;
				ENABLE_STRICT_OBJC_MSGSEND = YES;
				ENABLE_TESTABILITY = YES;
				GCC_C_LANGUAGE_STANDARD = gnu11;
				GCC_DYNAMIC_NO_PIC = NO;
				GCC_NO_COMMON_BLOCKS = YES;
				GCC_OPTIMIZATION_LEVEL = 0;
				GCC_PREPROCESSOR_DEFINITIONS = (
					"DEBUG=1",
					"$(inherited)",
				);
				GCC_WARN_64_TO_32_BIT_CONVERSION = YES;
				GCC_WARN_ABOUT_RETURN_TYPE = YES_ERROR;
				GCC_WARN_UNDECLARED_SELECTOR = YES;
				GCC_WARN_UNINITIALIZED_AUTOS = YES_AGGRESSIVE;
				GCC_WARN_UNUSED_FUNCTION = YES;
				GCC_WARN_UNUSED_VARIABLE = YES;
				IPHONEOS_DEPLOYMENT_TARGET = 15.2;
				MTL_ENABLE_DEBUG_INFO = INCLUDE_SOURCE;
				MTL_FAST_MATH = YES;
				ONLY_ACTIVE_ARCH = YES;
				SDKROOT = iphoneos;
				SWIFT_ACTIVE_COMPILATION_CONDITIONS = DEBUG;
				SWIFT_OPTIMIZATION_LEVEL = "-Onone";
			};
			name = Debug;
		};
		E88F5FA929EB29C2007A0F23 /* Release */ = {
			isa = XCBuildConfiguration;
			buildSettings = {
				ALWAYS_SEARCH_USER_PATHS = NO;
				CLANG_ANALYZER_NONNULL = YES;
				CLANG_ANALYZER_NUMBER_OBJECT_CONVERSION = YES_AGGRESSIVE;
				CLANG_CXX_LANGUAGE_STANDARD = "gnu++17";
				CLANG_CXX_LIBRARY = "libc++";
				CLANG_ENABLE_MODULES = YES;
				CLANG_ENABLE_OBJC_ARC = YES;
				CLANG_ENABLE_OBJC_WEAK = YES;
				CLANG_WARN_BLOCK_CAPTURE_AUTORELEASING = YES;
				CLANG_WARN_BOOL_CONVERSION = YES;
				CLANG_WARN_COMMA = YES;
				CLANG_WARN_CONSTANT_CONVERSION = YES;
				CLANG_WARN_DEPRECATED_OBJC_IMPLEMENTATIONS = YES;
				CLANG_WARN_DIRECT_OBJC_ISA_USAGE = YES_ERROR;
				CLANG_WARN_DOCUMENTATION_COMMENTS = YES;
				CLANG_WARN_EMPTY_BODY = YES;
				CLANG_WARN_ENUM_CONVERSION = YES;
				CLANG_WARN_INFINITE_RECURSION = YES;
				CLANG_WARN_INT_CONVERSION = YES;
				CLANG_WARN_NON_LITERAL_NULL_CONVERSION = YES;
				CLANG_WARN_OBJC_IMPLICIT_RETAIN_SELF = YES;
				CLANG_WARN_OBJC_LITERAL_CONVERSION = YES;
				CLANG_WARN_OBJC_ROOT_CLASS = YES_ERROR;
				CLANG_WARN_QUOTED_INCLUDE_IN_FRAMEWORK_HEADER = YES;
				CLANG_WARN_RANGE_LOOP_ANALYSIS = YES;
				CLANG_WARN_STRICT_PROTOTYPES = YES;
				CLANG_WARN_SUSPICIOUS_MOVE = YES;
				CLANG_WARN_UNGUARDED_AVAILABILITY = YES_AGGRESSIVE;
				CLANG_WARN_UNREACHABLE_CODE = YES;
				CLANG_WARN__DUPLICATE_METHOD_MATCH = YES;
				COPY_PHASE_STRIP = NO;
				DEBUG_INFORMATION_FORMAT = "dwarf-with-dsym";
				ENABLE_NS_ASSERTIONS = NO;
				ENABLE_STRICT_OBJC_MSGSEND = YES;
				GCC_C_LANGUAGE_STANDARD = gnu11;
				GCC_NO_COMMON_BLOCKS = YES;
				GCC_WARN_64_TO_32_BIT_CONVERSION = YES;
				GCC_WARN_ABOUT_RETURN_TYPE = YES_ERROR;
				GCC_WARN_UNDECLARED_SELECTOR = YES;
				GCC_WARN_UNINITIALIZED_AUTOS = YES_AGGRESSIVE;
				GCC_WARN_UNUSED_FUNCTION = YES;
				GCC_WARN_UNUSED_VARIABLE = YES;
				IPHONEOS_DEPLOYMENT_TARGET = 15.2;
				MTL_ENABLE_DEBUG_INFO = NO;
				MTL_FAST_MATH = YES;
				SDKROOT = iphoneos;
				SWIFT_COMPILATION_MODE = wholemodule;
				SWIFT_OPTIMIZATION_LEVEL = "-O";
				VALIDATE_PRODUCT = YES;
			};
			name = Release;
		};
		E88F5FAB29EB29C2007A0F23 /* Debug */ = {
			isa = XCBuildConfiguration;
			buildSettings = {
				ASSETCATALOG_COMPILER_APPICON_NAME = AppIcon;
				ASSETCATALOG_COMPILER_GLOBAL_ACCENT_COLOR_NAME = AccentColor;
				CODE_SIGN_STYLE = Automatic;
				CURRENT_PROJECT_VERSION = 1;
				DEVELOPMENT_TEAM = 6M53C5J6J9;
				GENERATE_INFOPLIST_FILE = YES;
				INFOPLIST_FILE = PhotoWorld/Info.plist;
				INFOPLIST_KEY_UIApplicationSupportsIndirectInputEvents = YES;
				INFOPLIST_KEY_UILaunchStoryboardName = LaunchScreen;
				INFOPLIST_KEY_UIMainStoryboardFile = Main;
				INFOPLIST_KEY_UISupportedInterfaceOrientations_iPad = "UIInterfaceOrientationPortrait UIInterfaceOrientationPortraitUpsideDown UIInterfaceOrientationLandscapeLeft UIInterfaceOrientationLandscapeRight";
				INFOPLIST_KEY_UISupportedInterfaceOrientations_iPhone = "UIInterfaceOrientationPortrait UIInterfaceOrientationLandscapeLeft UIInterfaceOrientationLandscapeRight";
				LD_RUNPATH_SEARCH_PATHS = (
					"$(inherited)",
					"@executable_path/Frameworks",
				);
				MARKETING_VERSION = 1.0;
				PRODUCT_BUNDLE_IDENTIFIER = "-.PhotoWorld";
				PRODUCT_NAME = "$(TARGET_NAME)";
				SWIFT_EMIT_LOC_STRINGS = YES;
				SWIFT_VERSION = 5.0;
				TARGETED_DEVICE_FAMILY = "1,2";
			};
			name = Debug;
		};
		E88F5FAC29EB29C2007A0F23 /* Release */ = {
			isa = XCBuildConfiguration;
			buildSettings = {
				ASSETCATALOG_COMPILER_APPICON_NAME = AppIcon;
				ASSETCATALOG_COMPILER_GLOBAL_ACCENT_COLOR_NAME = AccentColor;
				CODE_SIGN_STYLE = Automatic;
				CURRENT_PROJECT_VERSION = 1;
				DEVELOPMENT_TEAM = 6M53C5J6J9;
				GENERATE_INFOPLIST_FILE = YES;
				INFOPLIST_FILE = PhotoWorld/Info.plist;
				INFOPLIST_KEY_UIApplicationSupportsIndirectInputEvents = YES;
				INFOPLIST_KEY_UILaunchStoryboardName = LaunchScreen;
				INFOPLIST_KEY_UIMainStoryboardFile = Main;
				INFOPLIST_KEY_UISupportedInterfaceOrientations_iPad = "UIInterfaceOrientationPortrait UIInterfaceOrientationPortraitUpsideDown UIInterfaceOrientationLandscapeLeft UIInterfaceOrientationLandscapeRight";
				INFOPLIST_KEY_UISupportedInterfaceOrientations_iPhone = "UIInterfaceOrientationPortrait UIInterfaceOrientationLandscapeLeft UIInterfaceOrientationLandscapeRight";
				LD_RUNPATH_SEARCH_PATHS = (
					"$(inherited)",
					"@executable_path/Frameworks",
				);
				MARKETING_VERSION = 1.0;
				PRODUCT_BUNDLE_IDENTIFIER = "-.PhotoWorld";
				PRODUCT_NAME = "$(TARGET_NAME)";
				SWIFT_EMIT_LOC_STRINGS = YES;
				SWIFT_VERSION = 5.0;
				TARGETED_DEVICE_FAMILY = "1,2";
			};
			name = Release;
		};
/* End XCBuildConfiguration section */

/* Begin XCConfigurationList section */
		E88F5F8E29EB29C1007A0F23 /* Build configuration list for PBXProject "PhotoWorld" */ = {
			isa = XCConfigurationList;
			buildConfigurations = (
				E88F5FA829EB29C2007A0F23 /* Debug */,
				E88F5FA929EB29C2007A0F23 /* Release */,
			);
			defaultConfigurationIsVisible = 0;
			defaultConfigurationName = Release;
		};
		E88F5FAA29EB29C2007A0F23 /* Build configuration list for PBXNativeTarget "PhotoWorld" */ = {
			isa = XCConfigurationList;
			buildConfigurations = (
				E88F5FAB29EB29C2007A0F23 /* Debug */,
				E88F5FAC29EB29C2007A0F23 /* Release */,
			);
			defaultConfigurationIsVisible = 0;
			defaultConfigurationName = Release;
		};
/* End XCConfigurationList section */

/* Begin XCVersionGroup section */
		E88F5F9F29EB29C1007A0F23 /* PhotoWorld.xcdatamodeld */ = {
			isa = XCVersionGroup;
			children = (
				E88F5FA029EB29C1007A0F23 /* PhotoWorld.xcdatamodel */,
			);
			currentVersion = E88F5FA029EB29C1007A0F23 /* PhotoWorld.xcdatamodel */;
			path = PhotoWorld.xcdatamodeld;
			sourceTree = "<group>";
			versionGroupType = wrapper.xcdatamodel;
		};
/* End XCVersionGroup section */
	};
	rootObject = E88F5F8B29EB29C1007A0F23 /* Project object */;
}
